
Microsoft Visual Studio Solution File, Format Version 12.00
# Visual Studio 14
VisualStudioVersion = 14.0.25123.0
MinimumVisualStudioVersion = 10.0.40219.1
Project("{FAE04EC0-301F-11D3-BF4B-00C04F79EFBC}") = "WebApplication1", "WebApplication1\WebApplication1.csproj", "{10AC9F1D-C960-4F66-AD3A-9F7AFD18B082}"
EndProject
Global
	GlobalSection(SolutionConfigurationPlatforms) = preSolution
		Debug|Any CPU = Debug|Any CPU
		Release|Any CPU = Release|Any CPU
	EndGlobalSection
	GlobalSection(ProjectConfigurationPlatforms) = postSolution
		{10AC9F1D-C960-4F66-AD3A-9F7AFD18B082}.Debug|Any CPU.ActiveCfg = Debug|Any CPU
		{10AC9F1D-C960-4F66-AD3A-9F7AFD18B082}.Debug|Any CPU.Build.0 = Debug|Any CPU
		{10AC9F1D-C960-4F66-AD3A-9F7AFD18B082}.Release|Any CPU.ActiveCfg = Release|Any CPU
		{10AC9F1D-C960-4F66-AD3A-9F7AFD18B082}.Release|Any CPU.Build.0 = Release|Any CPU
	EndGlobalSection
	GlobalSection(SolutionProperties) = preSolution
		HideSolutionNode = FALSE
	EndGlobalSection
EndGlobal
